
Microsoft Visual Studio Solution File, Format Version 12.00
Project("{FAE04EC0-301F-11D3-BF4B-00C04F79EFBC}") = "AutomationTests", "AutomationTests\AutomationTests.csproj", "{28FFFBC2-400A-4835-9B15-F4E80423879E}"
EndProject
Global
	GlobalSection(SolutionConfigurationPlatforms) = preSolution
		Debug|Any CPU = Debug|Any CPU
		Release|Any CPU = Release|Any CPU
	EndGlobalSection
	GlobalSection(ProjectConfigurationPlatforms) = postSolution
		{28FFFBC2-400A-4835-9B15-F4E80423879E}.Debug|Any CPU.ActiveCfg = Debug|Any CPU
		{28FFFBC2-400A-4835-9B15-F4E80423879E}.Debug|Any CPU.Build.0 = Debug|Any CPU
		{28FFFBC2-400A-4835-9B15-F4E80423879E}.Release|Any CPU.ActiveCfg = Release|Any CPU
		{28FFFBC2-400A-4835-9B15-F4E80423879E}.Release|Any CPU.Build.0 = Release|Any CPU
	EndGlobalSection
EndGlobal
